// !$*UTF8*$!
{
	archiveVersion = 1;
	classes = {
	};
	objectVersion = 56;
	objects = {

/* Begin PBXBuildFile section */
		2FAE5E6028F07141001CB7E4 /* minusViewController.swift in Sources */ = {isa = PBXBuildFile; fileRef = 2FAE5E5F28F07141001CB7E4 /* minusViewController.swift */; };
		2FAE5E6228F07152001CB7E4 /* divideViewController.swift in Sources */ = {isa = PBXBuildFile; fileRef = 2FAE5E6128F07152001CB7E4 /* divideViewController.swift */; };
		2FAE5E6428F0716C001CB7E4 /* modViewController.swift in Sources */ = {isa = PBXBuildFile; fileRef = 2FAE5E6328F0716C001CB7E4 /* modViewController.swift */; };
		2FDF8CFC28EECE9100D241DD /* AppDelegate.swift in Sources */ = {isa = PBXBuildFile; fileRef = 2FDF8CFB28EECE9100D241DD /* AppDelegate.swift */; };
		2FDF8CFE28EECE9100D241DD /* SceneDelegate.swift in Sources */ = {isa = PBXBuildFile; fileRef = 2FDF8CFD28EECE9100D241DD /* SceneDelegate.swift */; };
		2FDF8D0028EECE9100D241DD /* ViewController.swift in Sources */ = {isa = PBXBuildFile; fileRef = 2FDF8CFF28EECE9100D241DD /* ViewController.swift */; };
		2FDF8D0328EECE9100D241DD /* Main.storyboard in Resources */ = {isa = PBXBuildFile; fileRef = 2FDF8D0128EECE9100D241DD /* Main.storyboard */; };
		2FDF8D0528EECE9300D241DD /* Assets.xcassets in Resources */ = {isa = PBXBuildFile; fileRef = 2FDF8D0428EECE9300D241DD /* Assets.xcassets */; };
		2FDF8D0828EECE9300D241DD /* LaunchScreen.storyboard in Resources */ = {isa = PBXBuildFile; fileRef = 2FDF8D0628EECE9300D241DD /* LaunchScreen.storyboard */; };
		2FDF8D1028EED38A00D241DD /* plusViewController.swift in Sources */ = {isa = PBXBuildFile; fileRef = 2FDF8D0F28EED38A00D241DD /* plusViewController.swift */; };
/* End PBXBuildFile section */

/* Begin PBXFileReference section */
		2FAE5E5F28F07141001CB7E4 /* minusViewController.swift */ = {isa = PBXFileReference; lastKnownFileType = sourcecode.swift; path = minusViewController.swift; sourceTree = "<group>"; };
		2FAE5E6128F07152001CB7E4 /* divideViewController.swift */ = {isa = PBXFileReference; lastKnownFileType = sourcecode.swift; path = divideViewController.swift; sourceTree = "<group>"; };
		2FAE5E6328F0716C001CB7E4 /* modViewController.swift */ = {isa = PBXFileReference; lastKnownFileType = sourcecode.swift; path = modViewController.swift; sourceTree = "<group>"; };
		2FDF8CF828EECE9100D241DD /* Week3-project.app */ = {isa = PBXFileReference; explicitFileType = wrapper.application; includeInIndex = 0; path = "Week3-project.app"; sourceTree = BUILT_PRODUCTS_DIR; };
		2FDF8CFB28EECE9100D241DD /* AppDelegate.swift */ = {isa = PBXFileReference; lastKnownFileType = sourcecode.swift; path = AppDelegate.swift; sourceTree = "<group>"; };
		2FDF8CFD28EECE9100D241DD /* SceneDelegate.swift */ = {isa = PBXFileReference; lastKnownFileType = sourcecode.swift; path = SceneDelegate.swift; sourceTree = "<group>"; };
		2FDF8CFF28EECE9100D241DD /* ViewController.swift */ = {isa = PBXFileReference; lastKnownFileType = sourcecode.swift; path = ViewController.swift; sourceTree = "<group>"; };
		2FDF8D0228EECE9100D241DD /* Base */ = {isa = PBXFileReference; lastKnownFileType = file.storyboard; name = Base; path = Base.lproj/Main.storyboard; sourceTree = "<group>"; };
		2FDF8D0428EECE9300D241DD /* Assets.xcassets */ = {isa = PBXFileReference; lastKnownFileType = folder.assetcatalog; path = Assets.xcassets; sourceTree = "<group>"; };
		2FDF8D0728EECE9300D241DD /* Base */ = {isa = PBXFileReference; lastKnownFileType = file.storyboard; name = Base; path = Base.lproj/LaunchScreen.storyboard; sourceTree = "<group>"; };
		2FDF8D0928EECE9300D241DD /* Info.plist */ = {isa = PBXFileReference; lastKnownFileType = text.plist.xml; path = Info.plist; sourceTree = "<group>"; };
		2FDF8D0F28EED38A00D241DD /* plusViewController.swift */ = {isa = PBXFileReference; lastKnownFileType = sourcecode.swift; path = plusViewController.swift; sourceTree = "<group>"; };
/* End PBXFileReference section */

/* Begin PBXFrameworksBuildPhase section */
		2FDF8CF528EECE9100D241DD /* Frameworks */ = {
			isa = PBXFrameworksBuildPhase;
			buildActionMask = 2147483647;
			files = (
			);
			runOnlyForDeploymentPostprocessing = 0;
		};
/* End PBXFrameworksBuildPhase section */

/* Begin PBXGroup section */
		2FDF8CEF28EECE9100D241DD = {
			isa = PBXGroup;
			children = (
				2FDF8CFA28EECE9100D241DD /* Week3-project */,
				2FDF8CF928EECE9100D241DD /* Products */,
			);
			sourceTree = "<group>";
		};
		2FDF8CF928EECE9100D241DD /* Products */ = {
			isa = PBXGroup;
			children = (
				2FDF8CF828EECE9100D241DD /* Week3-project.app */,
			);
			name = Products;
			sourceTree = "<group>";
		};
		2FDF8CFA28EECE9100D241DD /* Week3-project */ = {
			isa = PBXGroup;
			children = (
				2FDF8CFB28EECE9100D241DD /* AppDelegate.swift */,
				2FDF8CFD28EECE9100D241DD /* SceneDelegate.swift */,
				2FDF8CFF28EECE9100D241DD /* ViewController.swift */,
				2FDF8D0128EECE9100D241DD /* Main.storyboard */,
				2FDF8D0428EECE9300D241DD /* Assets.xcassets */,
				2FDF8D0628EECE9300D241DD /* LaunchScreen.storyboard */,
				2FDF8D0928EECE9300D241DD /* Info.plist */,
				2FDF8D0F28EED38A00D241DD /* plusViewController.swift */,
				2FAE5E5F28F07141001CB7E4 /* minusViewController.swift */,
				2FAE5E6128F07152001CB7E4 /* divideViewController.swift */,
				2FAE5E6328F0716C001CB7E4 /* modViewController.swift */,
			);
			path = "Week3-project";
			sourceTree = "<group>";
		};
/* End PBXGroup section */

/* Begin PBXNativeTarget section */
		2FDF8CF728EECE9100D241DD /* Week3-project */ = {
			isa = PBXNativeTarget;
			buildConfigurationList = 2FDF8D0C28EECE9300D241DD /* Build configuration list for PBXNativeTarget "Week3-project" */;
			buildPhases = (
				2FDF8CF428EECE9100D241DD /* Sources */,
				2FDF8CF528EECE9100D241DD /* Frameworks */,
				2FDF8CF628EECE9100D241DD /* Resources */,
			);
			buildRules = (
			);
			dependencies = (
			);
			name = "Week3-project";
			productName = "Week3-project";
			productReference = 2FDF8CF828EECE9100D241DD /* Week3-project.app */;
			productType = "com.apple.product-type.application";
		};
/* End PBXNativeTarget section */

/* Begin PBXProject section */
		2FDF8CF028EECE9100D241DD /* Project object */ = {
			isa = PBXProject;
			attributes = {
				BuildIndependentTargetsInParallel = 1;
				LastSwiftUpdateCheck = 1400;
				LastUpgradeCheck = 1400;
				TargetAttributes = {
					2FDF8CF728EECE9100D241DD = {
						CreatedOnToolsVersion = 14.0;
					};
				};
			};
			buildConfigurationList = 2FDF8CF328EECE9100D241DD /* Build configuration list for PBXProject "Week3-project" */;
			compatibilityVersion = "Xcode 14.0";
			developmentRegion = en;
			hasScannedForEncodings = 0;
			knownRegions = (
				en,
				Base,
			);
			mainGroup = 2FDF8CEF28EECE9100D241DD;
			productRefGroup = 2FDF8CF928EECE9100D241DD /* Products */;
			projectDirPath = "";
			projectRoot = "";
			targets = (
				2FDF8CF728EECE9100D241DD /* Week3-project */,
			);
		};
/* End PBXProject section */

/* Begin PBXResourcesBuildPhase section */
		2FDF8CF628EECE9100D241DD /* Resources */ = {
			isa = PBXResourcesBuildPhase;
			buildActionMask = 2147483647;
			files = (
				2FDF8D0828EECE9300D241DD /* LaunchScreen.storyboard in Resources */,
				2FDF8D0528EECE9300D241DD /* Assets.xcassets in Resources */,
				2FDF8D0328EECE9100D241DD /* Main.storyboard in Resources */,
			);
			runOnlyForDeploymentPostprocessing = 0;
		};
/* End PBXResourcesBuildPhase section */

/* Begin PBXSourcesBuildPhase section */
		2FDF8CF428EECE9100D241DD /* Sources */ = {
			isa = PBXSourcesBuildPhase;
			buildActionMask = 2147483647;
			files = (
				2FDF8D0028EECE9100D241DD /* ViewController.swift in Sources */,
				2FAE5E6428F0716C001CB7E4 /* modViewController.swift in Sources */,
				2FAE5E6028F07141001CB7E4 /* minusViewController.swift in Sources */,
				2FDF8CFC28EECE9100D241DD /* AppDelegate.swift in Sources */,
				2FAE5E6228F07152001CB7E4 /* divideViewController.swift in Sources */,
				2FDF8D1028EED38A00D241DD /* plusViewController.swift in Sources */,
				2FDF8CFE28EECE9100D241DD /* SceneDelegate.swift in Sources */,
			);
			runOnlyForDeploymentPostprocessing = 0;
		};
/* End PBXSourcesBuildPhase section */

/* Begin PBXVariantGroup section */
		2FDF8D0128EECE9100D241DD /* Main.storyboard */ = {
			isa = PBXVariantGroup;
			children = (
				2FDF8D0228EECE9100D241DD /* Base */,
			);
			name = Main.storyboard;
			sourceTree = "<group>";
		};
		2FDF8D0628EECE9300D241DD /* LaunchScreen.storyboard */ = {
			isa = PBXVariantGroup;
			children = (
				2FDF8D0728EECE9300D241DD /* Base */,
			);
			name = LaunchScreen.storyboard;
			sourceTree = "<group>";
		};
/* End PBXVariantGroup section */

/* Begin XCBuildConfiguration section */
		2FDF8D0A28EECE9300D241DD /* Debug */ = {
			isa = XCBuildConfiguration;
			buildSettings = {
				ALWAYS_SEARCH_USER_PATHS = NO;
				CLANG_ANALYZER_NONNULL = YES;
				CLANG_ANALYZER_NUMBER_OBJECT_CONVERSION = YES_AGGRESSIVE;
				CLANG_CXX_LANGUAGE_STANDARD = "gnu++20";
				CLANG_ENABLE_MODULES = YES;
				CLANG_ENABLE_OBJC_ARC = YES;
				CLANG_ENABLE_OBJC_WEAK = YES;
				CLANG_WARN_BLOCK_CAPTURE_AUTORELEASING = YES;
				CLANG_WARN_BOOL_CONVERSION = YES;
				CLANG_WARN_COMMA = YES;
				CLANG_WARN_CONSTANT_CONVERSION = YES;
				CLANG_WARN_DEPRECATED_OBJC_IMPLEMENTATIONS = YES;
				CLANG_WARN_DIRECT_OBJC_ISA_USAGE = YES_ERROR;
				CLANG_WARN_DOCUMENTATION_COMMENTS = YES;
				CLANG_WARN_EMPTY_BODY = YES;
				CLANG_WARN_ENUM_CONVERSION = YES;
				CLANG_WARN_INFINITE_RECURSION = YES;
				CLANG_WARN_INT_CONVERSION = YES;
				CLANG_WARN_NON_LITERAL_NULL_CONVERSION = YES;
				CLANG_WARN_OBJC_IMPLICIT_RETAIN_SELF = YES;
				CLANG_WARN_OBJC_LITERAL_CONVERSION = YES;
				CLANG_WARN_OBJC_ROOT_CLASS = YES_ERROR;
				CLANG_WARN_QUOTED_INCLUDE_IN_FRAMEWORK_HEADER = YES;
				CLANG_WARN_RANGE_LOOP_ANALYSIS = YES;
				CLANG_WARN_STRICT_PROTOTYPES = YES;
				CLANG_WARN_SUSPICIOUS_MOVE = YES;
				CLANG_WARN_UNGUARDED_AVAILABILITY = YES_AGGRESSIVE;
				CLANG_WARN_UNREACHABLE_CODE = YES;
				CLANG_WARN__DUPLICATE_METHOD_MATCH = YES;
				COPY_PHASE_STRIP = NO;
				DEBUG_INFORMATION_FORMAT = dwarf;
				ENABLE_STRICT_OBJC_MSGSEND = YES;
				ENABLE_TESTABILITY = YES;
				GCC_C_LANGUAGE_STANDARD = gnu11;
				GCC_DYNAMIC_NO_PIC = NO;
				GCC_NO_COMMON_BLOCKS = YES;
				GCC_OPTIMIZATION_LEVEL = 0;
				GCC_PREPROCESSOR_DEFINITIONS = (
					"DEBUG=1",
					"$(inherited)",
				);
				GCC_WARN_64_TO_32_BIT_CONVERSION = YES;
				GCC_WARN_ABOUT_RETURN_TYPE = YES_ERROR;
				GCC_WARN_UNDECLARED_SELECTOR = YES;
				GCC_WARN_UNINITIALIZED_AUTOS = YES_AGGRESSIVE;
				GCC_WARN_UNUSED_FUNCTION = YES;
				GCC_WARN_UNUSED_VARIABLE = YES;
				IPHONEOS_DEPLOYMENT_TARGET = 16.0;
				MTL_ENABLE_DEBUG_INFO = INCLUDE_SOURCE;
				MTL_FAST_MATH = YES;
				ONLY_ACTIVE_ARCH = YES;
				SDKROOT = iphoneos;
				SWIFT_ACTIVE_COMPILATION_CONDITIONS = DEBUG;
				SWIFT_OPTIMIZATION_LEVEL = "-Onone";
			};
			name = Debug;
		};
		2FDF8D0B28EECE9300D241DD /* Release */ = {
			isa = XCBuildConfiguration;
			buildSettings = {
				ALWAYS_SEARCH_USER_PATHS = NO;
				CLANG_ANALYZER_NONNULL = YES;
				CLANG_ANALYZER_NUMBER_OBJECT_CONVERSION = YES_AGGRESSIVE;
				CLANG_CXX_LANGUAGE_STANDARD = "gnu++20";
				CLANG_ENABLE_MODULES = YES;
				CLANG_ENABLE_OBJC_ARC = YES;
				CLANG_ENABLE_OBJC_WEAK = YES;
				CLANG_WARN_BLOCK_CAPTURE_AUTORELEASING = YES;
				CLANG_WARN_BOOL_CONVERSION = YES;
				CLANG_WARN_COMMA = YES;
				CLANG_WARN_CONSTANT_CONVERSION = YES;
				CLANG_WARN_DEPRECATED_OBJC_IMPLEMENTATIONS = YES;
				CLANG_WARN_DIRECT_OBJC_ISA_USAGE = YES_ERROR;
				CLANG_WARN_DOCUMENTATION_COMMENTS = YES;
				CLANG_WARN_EMPTY_BODY = YES;
				CLANG_WARN_ENUM_CONVERSION = YES;
				CLANG_WARN_INFINITE_RECURSION = YES;
				CLANG_WARN_INT_CONVERSION = YES;
				CLANG_WARN_NON_LITERAL_NULL_CONVERSION = YES;
				CLANG_WARN_OBJC_IMPLICIT_RETAIN_SELF = YES;
				CLANG_WARN_OBJC_LITERAL_CONVERSION = YES;
				CLANG_WARN_OBJC_ROOT_CLASS = YES_ERROR;
				CLANG_WARN_QUOTED_INCLUDE_IN_FRAMEWORK_HEADER = YES;
				CLANG_WARN_RANGE_LOOP_ANALYSIS = YES;
				CLANG_WARN_STRICT_PROTOTYPES = YES;
				CLANG_WARN_SUSPICIOUS_MOVE = YES;
				CLANG_WARN_UNGUARDED_AVAILABILITY = YES_AGGRESSIVE;
				CLANG_WARN_UNREACHABLE_CODE = YES;
				CLANG_WARN__DUPLICATE_METHOD_MATCH = YES;
				COPY_PHASE_STRIP = NO;
				DEBUG_INFORMATION_FORMAT = "dwarf-with-dsym";
				ENABLE_NS_ASSERTIONS = NO;
				ENABLE_STRICT_OBJC_MSGSEND = YES;
				GCC_C_LANGUAGE_STANDARD = gnu11;
				GCC_NO_COMMON_BLOCKS = YES;
				GCC_WARN_64_TO_32_BIT_CONVERSION = YES;
				GCC_WARN_ABOUT_RETURN_TYPE = YES_ERROR;
				GCC_WARN_UNDECLARED_SELECTOR = YES;
				GCC_WARN_UNINITIALIZED_AUTOS = YES_AGGRESSIVE;
				GCC_WARN_UNUSED_FUNCTION = YES;
				GCC_WARN_UNUSED_VARIABLE = YES;
				IPHONEOS_DEPLOYMENT_TARGET = 16.0;
				MTL_ENABLE_DEBUG_INFO = NO;
				MTL_FAST_MATH = YES;
				SDKROOT = iphoneos;
				SWIFT_COMPILATION_MODE = wholemodule;
				SWIFT_OPTIMIZATION_LEVEL = "-O";
				VALIDATE_PRODUCT = YES;
			};
			name = Release;
		};
		2FDF8D0D28EECE9300D241DD /* Debug */ = {
			isa = XCBuildConfiguration;
			buildSettings = {
				ASSETCATALOG_COMPILER_APPICON_NAME = AppIcon;
				ASSETCATALOG_COMPILER_GLOBAL_ACCENT_COLOR_NAME = AccentColor;
				CODE_SIGN_STYLE = Automatic;
				CURRENT_PROJECT_VERSION = 1;
				GENERATE_INFOPLIST_FILE = YES;
				INFOPLIST_FILE = "Week3-project/Info.plist";
				INFOPLIST_KEY_UIApplicationSupportsIndirectInputEvents = YES;
				INFOPLIST_KEY_UILaunchStoryboardName = LaunchScreen;
				INFOPLIST_KEY_UIMainStoryboardFile = Main;
				INFOPLIST_KEY_UISupportedInterfaceOrientations_iPad = "UIInterfaceOrientationPortrait UIInterfaceOrientationPortraitUpsideDown UIInterfaceOrientationLandscapeLeft UIInterfaceOrientationLandscapeRight";
				INFOPLIST_KEY_UISupportedInterfaceOrientations_iPhone = "UIInterfaceOrientationPortrait UIInterfaceOrientationLandscapeLeft UIInterfaceOrientationLandscapeRight";
				LD_RUNPATH_SEARCH_PATHS = (
					"$(inherited)",
					"@executable_path/Frameworks",
				);
				MARKETING_VERSION = 1.0;
				PRODUCT_BUNDLE_IDENTIFIER = "com.yeonsu.Week3-project";
				PRODUCT_NAME = "$(TARGET_NAME)";
				SWIFT_EMIT_LOC_STRINGS = YES;
				SWIFT_VERSION = 5.0;
				TARGETED_DEVICE_FAMILY = "1,2";
			};
			name = Debug;
		};
		2FDF8D0E28EECE9300D241DD /* Release */ = {
			isa = XCBuildConfiguration;
			buildSettings = {
				ASSETCATALOG_COMPILER_APPICON_NAME = AppIcon;
				ASSETCATALOG_COMPILER_GLOBAL_ACCENT_COLOR_NAME = AccentColor;
				CODE_SIGN_STYLE = Automatic;
				CURRENT_PROJECT_VERSION = 1;
				GENERATE_INFOPLIST_FILE = YES;
				INFOPLIST_FILE = "Week3-project/Info.plist";
				INFOPLIST_KEY_UIApplicationSupportsIndirectInputEvents = YES;
				INFOPLIST_KEY_UILaunchStoryboardName = LaunchScreen;
				INFOPLIST_KEY_UIMainStoryboardFile = Main;
				INFOPLIST_KEY_UISupportedInterfaceOrientations_iPad = "UIInterfaceOrientationPortrait UIInterfaceOrientationPortraitUpsideDown UIInterfaceOrientationLandscapeLeft UIInterfaceOrientationLandscapeRight";
				INFOPLIST_KEY_UISupportedInterfaceOrientations_iPhone = "UIInterfaceOrientationPortrait UIInterfaceOrientationLandscapeLeft UIInterfaceOrientationLandscapeRight";
				LD_RUNPATH_SEARCH_PATHS = (
					"$(inherited)",
					"@executable_path/Frameworks",
				);
				MARKETING_VERSION = 1.0;
				PRODUCT_BUNDLE_IDENTIFIER = "com.yeonsu.Week3-project";
				PRODUCT_NAME = "$(TARGET_NAME)";
				SWIFT_EMIT_LOC_STRINGS = YES;
				SWIFT_VERSION = 5.0;
				TARGETED_DEVICE_FAMILY = "1,2";
			};
			name = Release;
		};
/* End XCBuildConfiguration section */

/* Begin XCConfigurationList section */
		2FDF8CF328EECE9100D241DD /* Build configuration list for PBXProject "Week3-project" */ = {
			isa = XCConfigurationList;
			buildConfigurations = (
				2FDF8D0A28EECE9300D241DD /* Debug */,
				2FDF8D0B28EECE9300D241DD /* Release */,
			);
			defaultConfigurationIsVisible = 0;
			defaultConfigurationName = Release;
		};
		2FDF8D0C28EECE9300D241DD /* Build configuration list for PBXNativeTarget "Week3-project" */ = {
			isa = XCConfigurationList;
			buildConfigurations = (
				2FDF8D0D28EECE9300D241DD /* Debug */,
				2FDF8D0E28EECE9300D241DD /* Release */,
			);
			defaultConfigurationIsVisible = 0;
			defaultConfigurationName = Release;
		};
/* End XCConfigurationList section */
	};
	rootObject = 2FDF8CF028EECE9100D241DD /* Project object */;
}
